// !$*UTF8*$!
{
	archiveVersion = 1;
	classes = {
	};
	objectVersion = 46;
	objects = {

/* Begin PBXBuildFile section */
		FE24CB0D1ABB674A00C6547F /* HomeScreenViewController.swift in Sources */ = {isa = PBXBuildFile; fileRef = FE24CB0C1ABB674A00C6547F /* HomeScreenViewController.swift */; };
		FE27F65E1AB119E800956FCD /* AppDelegate.swift in Sources */ = {isa = PBXBuildFile; fileRef = FE27F65D1AB119E800956FCD /* AppDelegate.swift */; };
		FE27F6631AB119E800956FCD /* Main.storyboard in Resources */ = {isa = PBXBuildFile; fileRef = FE27F6611AB119E800956FCD /* Main.storyboard */; };
		FE27F6651AB119E800956FCD /* Images.xcassets in Resources */ = {isa = PBXBuildFile; fileRef = FE27F6641AB119E800956FCD /* Images.xcassets */; };
		FE27F6681AB119E800956FCD /* LaunchScreen.xib in Resources */ = {isa = PBXBuildFile; fileRef = FE27F6661AB119E800956FCD /* LaunchScreen.xib */; };
		FE27F6741AB119E800956FCD /* CoverMeTests.swift in Sources */ = {isa = PBXBuildFile; fileRef = FE27F6731AB119E800956FCD /* CoverMeTests.swift */; };
		FE27F67E1AB1231F00956FCD /* CoverMe_SplashScreen.png in Resources */ = {isa = PBXBuildFile; fileRef = FE27F67D1AB1231F00956FCD /* CoverMe_SplashScreen.png */; };
		FE8C2A501AB4B47B007AD7D8 /* CategoriesTableTableViewController.swift in Sources */ = {isa = PBXBuildFile; fileRef = FE8C2A4F1AB4B47B007AD7D8 /* CategoriesTableTableViewController.swift */; };
		FE8C2A521AB4B9D9007AD7D8 /* Category.swift in Sources */ = {isa = PBXBuildFile; fileRef = FE8C2A511AB4B9D9007AD7D8 /* Category.swift */; };
		FE8C2A541AB4D7FE007AD7D8 /* DetailViewController.swift in Sources */ = {isa = PBXBuildFile; fileRef = FE8C2A531AB4D7FE007AD7D8 /* DetailViewController.swift */; };
		FE8C2AC31AB63064007AD7D8 /* CategoryCell.swift in Sources */ = {isa = PBXBuildFile; fileRef = FE8C2AC21AB63064007AD7D8 /* CategoryCell.swift */; };
		FE8C2AC51AB633AF007AD7D8 /* unlocked.png in Resources */ = {isa = PBXBuildFile; fileRef = FE8C2AC41AB633AF007AD7D8 /* unlocked.png */; };
		FED1D64C1AB7C01D00C1766F /* SwiftyJSON.swift in Sources */ = {isa = PBXBuildFile; fileRef = FED1D64B1AB7C01D00C1766F /* SwiftyJSON.swift */; };
		FED1D64E1AB85A5E00C1766F /* categories.json in Resources */ = {isa = PBXBuildFile; fileRef = FED1D64D1AB85A5E00C1766F /* categories.json */; };
		FEDA90E91AC37C4500C4E95E /* settings.png in Resources */ = {isa = PBXBuildFile; fileRef = FEDA90E81AC37C4500C4E95E /* settings.png */; };
		FEDA90F01AC38DCE00C4E95E /* 1984.jpeg in Resources */ = {isa = PBXBuildFile; fileRef = FEDA90EA1AC38DCE00C4E95E /* 1984.jpeg */; };
		FEDA90F11AC38DCE00C4E95E /* Acdc_Highway_to_Hell.jpeg in Resources */ = {isa = PBXBuildFile; fileRef = FEDA90EB1AC38DCE00C4E95E /* Acdc_Highway_to_Hell.jpeg */; };
		FEDA90F21AC38DCE00C4E95E /* Aenima.jpeg in Resources */ = {isa = PBXBuildFile; fileRef = FEDA90EC1AC38DCE00C4E95E /* Aenima.jpeg */; };
		FEDA90F31AC38DCE00C4E95E /* Alladin_Sane.jpeg in Resources */ = {isa = PBXBuildFile; fileRef = FEDA90ED1AC38DCE00C4E95E /* Alladin_Sane.jpeg */; };
		FEDA90F41AC38DCE00C4E95E /* American_Idiot.jpeg in Resources */ = {isa = PBXBuildFile; fileRef = FEDA90EE1AC38DCE00C4E95E /* American_Idiot.jpeg */; };
		FEDA90F51AC38DCE00C4E95E /* And_Justice_For_All.jpeg in Resources */ = {isa = PBXBuildFile; fileRef = FEDA90EF1AC38DCE00C4E95E /* And_Justice_For_All.jpeg */; };
		FEDA90F71AC38E6700C4E95E /* SubCategoryViewController.swift in Sources */ = {isa = PBXBuildFile; fileRef = FEDA90F61AC38E6700C4E95E /* SubCategoryViewController.swift */; };
/* End PBXBuildFile section */

/* Begin PBXContainerItemProxy section */
		FE27F66E1AB119E800956FCD /* PBXContainerItemProxy */ = {
			isa = PBXContainerItemProxy;
			containerPortal = FE27F6501AB119E800956FCD /* Project object */;
			proxyType = 1;
			remoteGlobalIDString = FE27F6571AB119E800956FCD;
			remoteInfo = CoverMe;
		};
/* End PBXContainerItemProxy section */

/* Begin PBXFileReference section */
		FE24CB0C1ABB674A00C6547F /* HomeScreenViewController.swift */ = {isa = PBXFileReference; fileEncoding = 4; lastKnownFileType = sourcecode.swift; path = HomeScreenViewController.swift; sourceTree = "<group>"; };
		FE27F6581AB119E800956FCD /* CoverMe.app */ = {isa = PBXFileReference; explicitFileType = wrapper.application; includeInIndex = 0; path = CoverMe.app; sourceTree = BUILT_PRODUCTS_DIR; };
		FE27F65C1AB119E800956FCD /* Info.plist */ = {isa = PBXFileReference; lastKnownFileType = text.plist.xml; path = Info.plist; sourceTree = "<group>"; };
		FE27F65D1AB119E800956FCD /* AppDelegate.swift */ = {isa = PBXFileReference; lastKnownFileType = sourcecode.swift; path = AppDelegate.swift; sourceTree = "<group>"; };
		FE27F6621AB119E800956FCD /* Base */ = {isa = PBXFileReference; lastKnownFileType = file.storyboard; name = Base; path = Base.lproj/Main.storyboard; sourceTree = "<group>"; };
		FE27F6641AB119E800956FCD /* Images.xcassets */ = {isa = PBXFileReference; lastKnownFileType = folder.assetcatalog; path = Images.xcassets; sourceTree = "<group>"; };
		FE27F6671AB119E800956FCD /* Base */ = {isa = PBXFileReference; lastKnownFileType = file.xib; name = Base; path = Base.lproj/LaunchScreen.xib; sourceTree = "<group>"; };
		FE27F66D1AB119E800956FCD /* CoverMeTests.xctest */ = {isa = PBXFileReference; explicitFileType = wrapper.cfbundle; includeInIndex = 0; path = CoverMeTests.xctest; sourceTree = BUILT_PRODUCTS_DIR; };
		FE27F6721AB119E800956FCD /* Info.plist */ = {isa = PBXFileReference; lastKnownFileType = text.plist.xml; path = Info.plist; sourceTree = "<group>"; };
		FE27F6731AB119E800956FCD /* CoverMeTests.swift */ = {isa = PBXFileReference; lastKnownFileType = sourcecode.swift; path = CoverMeTests.swift; sourceTree = "<group>"; };
		FE27F67D1AB1231F00956FCD /* CoverMe_SplashScreen.png */ = {isa = PBXFileReference; lastKnownFileType = image.png; path = CoverMe_SplashScreen.png; sourceTree = "<group>"; };
		FE8C2A4F1AB4B47B007AD7D8 /* CategoriesTableTableViewController.swift */ = {isa = PBXFileReference; fileEncoding = 4; lastKnownFileType = sourcecode.swift; path = CategoriesTableTableViewController.swift; sourceTree = "<group>"; };
		FE8C2A511AB4B9D9007AD7D8 /* Category.swift */ = {isa = PBXFileReference; fileEncoding = 4; lastKnownFileType = sourcecode.swift; path = Category.swift; sourceTree = "<group>"; };
		FE8C2A531AB4D7FE007AD7D8 /* DetailViewController.swift */ = {isa = PBXFileReference; fileEncoding = 4; lastKnownFileType = sourcecode.swift; path = DetailViewController.swift; sourceTree = "<group>"; };
		FE8C2AC21AB63064007AD7D8 /* CategoryCell.swift */ = {isa = PBXFileReference; fileEncoding = 4; lastKnownFileType = sourcecode.swift; path = CategoryCell.swift; sourceTree = "<group>"; };
		FE8C2AC41AB633AF007AD7D8 /* unlocked.png */ = {isa = PBXFileReference; lastKnownFileType = image.png; path = unlocked.png; sourceTree = "<group>"; };
		FED1D64B1AB7C01D00C1766F /* SwiftyJSON.swift */ = {isa = PBXFileReference; fileEncoding = 4; lastKnownFileType = sourcecode.swift; path = SwiftyJSON.swift; sourceTree = "<group>"; };
		FED1D64D1AB85A5E00C1766F /* categories.json */ = {isa = PBXFileReference; fileEncoding = 4; lastKnownFileType = text.json; path = categories.json; sourceTree = "<group>"; };
		FEDA90E81AC37C4500C4E95E /* settings.png */ = {isa = PBXFileReference; lastKnownFileType = image.png; path = settings.png; sourceTree = "<group>"; };
		FEDA90EA1AC38DCE00C4E95E /* 1984.jpeg */ = {isa = PBXFileReference; lastKnownFileType = image.jpeg; path = 1984.jpeg; sourceTree = "<group>"; };
		FEDA90EB1AC38DCE00C4E95E /* Acdc_Highway_to_Hell.jpeg */ = {isa = PBXFileReference; lastKnownFileType = image.jpeg; path = Acdc_Highway_to_Hell.jpeg; sourceTree = "<group>"; };
		FEDA90EC1AC38DCE00C4E95E /* Aenima.jpeg */ = {isa = PBXFileReference; lastKnownFileType = image.jpeg; path = Aenima.jpeg; sourceTree = "<group>"; };
		FEDA90ED1AC38DCE00C4E95E /* Alladin_Sane.jpeg */ = {isa = PBXFileReference; lastKnownFileType = image.jpeg; path = Alladin_Sane.jpeg; sourceTree = "<group>"; };
		FEDA90EE1AC38DCE00C4E95E /* American_Idiot.jpeg */ = {isa = PBXFileReference; lastKnownFileType = image.jpeg; path = American_Idiot.jpeg; sourceTree = "<group>"; };
		FEDA90EF1AC38DCE00C4E95E /* And_Justice_For_All.jpeg */ = {isa = PBXFileReference; lastKnownFileType = image.jpeg; path = And_Justice_For_All.jpeg; sourceTree = "<group>"; };
		FEDA90F61AC38E6700C4E95E /* SubCategoryViewController.swift */ = {isa = PBXFileReference; fileEncoding = 4; lastKnownFileType = sourcecode.swift; path = SubCategoryViewController.swift; sourceTree = "<group>"; };
/* End PBXFileReference section */

/* Begin PBXFrameworksBuildPhase section */
		FE27F6551AB119E800956FCD /* Frameworks */ = {
			isa = PBXFrameworksBuildPhase;
			buildActionMask = 2147483647;
			files = (
			);
			runOnlyForDeploymentPostprocessing = 0;
		};
		FE27F66A1AB119E800956FCD /* Frameworks */ = {
			isa = PBXFrameworksBuildPhase;
			buildActionMask = 2147483647;
			files = (
			);
			runOnlyForDeploymentPostprocessing = 0;
		};
/* End PBXFrameworksBuildPhase section */

/* Begin PBXGroup section */
		FE27F64F1AB119E800956FCD = {
			isa = PBXGroup;
			children = (
				FED1D64B1AB7C01D00C1766F /* SwiftyJSON.swift */,
				FE27F65A1AB119E800956FCD /* CoverMe */,
				FE27F6701AB119E800956FCD /* CoverMeTests */,
				FE27F6591AB119E800956FCD /* Products */,
			);
			sourceTree = "<group>";
		};
		FE27F6591AB119E800956FCD /* Products */ = {
			isa = PBXGroup;
			children = (
				FE27F6581AB119E800956FCD /* CoverMe.app */,
				FE27F66D1AB119E800956FCD /* CoverMeTests.xctest */,
			);
			name = Products;
			sourceTree = "<group>";
		};
		FE27F65A1AB119E800956FCD /* CoverMe */ = {
			isa = PBXGroup;
			children = (
				FEE7E8751AC39E94009D6F9D /* View */,
				FEDA90E71AC37AAE00C4E95E /* Models */,
				FEDA90E61AC37A9400C4E95E /* JSON */,
				FEDA90E51AC37A6B00C4E95E /* Controllers */,
				FEDA90E41AC37A5300C4E95E /* Images */,
				FE27F65D1AB119E800956FCD /* AppDelegate.swift */,
				FE27F6611AB119E800956FCD /* Main.storyboard */,
				FE27F6641AB119E800956FCD /* Images.xcassets */,
				FE27F6661AB119E800956FCD /* LaunchScreen.xib */,
				FE27F65B1AB119E800956FCD /* Supporting Files */,
			);
			path = CoverMe;
			sourceTree = "<group>";
		};
		FE27F65B1AB119E800956FCD /* Supporting Files */ = {
			isa = PBXGroup;
			children = (
				FE27F65C1AB119E800956FCD /* Info.plist */,
			);
			name = "Supporting Files";
			sourceTree = "<group>";
		};
		FE27F6701AB119E800956FCD /* CoverMeTests */ = {
			isa = PBXGroup;
			children = (
				FE27F6731AB119E800956FCD /* CoverMeTests.swift */,
				FE27F6711AB119E800956FCD /* Supporting Files */,
			);
			path = CoverMeTests;
			sourceTree = "<group>";
		};
		FE27F6711AB119E800956FCD /* Supporting Files */ = {
			isa = PBXGroup;
			children = (
				FE27F6721AB119E800956FCD /* Info.plist */,
			);
			name = "Supporting Files";
			sourceTree = "<group>";
		};
		FEDA90E41AC37A5300C4E95E /* Images */ = {
			isa = PBXGroup;
			children = (
				FEDA90EA1AC38DCE00C4E95E /* 1984.jpeg */,
				FEDA90EB1AC38DCE00C4E95E /* Acdc_Highway_to_Hell.jpeg */,
				FEDA90EC1AC38DCE00C4E95E /* Aenima.jpeg */,
				FEDA90ED1AC38DCE00C4E95E /* Alladin_Sane.jpeg */,
				FEDA90EE1AC38DCE00C4E95E /* American_Idiot.jpeg */,
				FEDA90EF1AC38DCE00C4E95E /* And_Justice_For_All.jpeg */,
				FEDA90E81AC37C4500C4E95E /* settings.png */,
				FE8C2AC41AB633AF007AD7D8 /* unlocked.png */,
				FE27F67D1AB1231F00956FCD /* CoverMe_SplashScreen.png */,
			);
			name = Images;
			sourceTree = "<group>";
		};
		FEDA90E51AC37A6B00C4E95E /* Controllers */ = {
			isa = PBXGroup;
			children = (
				FE8C2A4F1AB4B47B007AD7D8 /* CategoriesTableTableViewController.swift */,
				FEDA90F61AC38E6700C4E95E /* SubCategoryViewController.swift */,
				FE8C2A531AB4D7FE007AD7D8 /* DetailViewController.swift */,
				FE24CB0C1ABB674A00C6547F /* HomeScreenViewController.swift */,
			);
			name = Controllers;
			sourceTree = "<group>";
		};
		FEDA90E61AC37A9400C4E95E /* JSON */ = {
			isa = PBXGroup;
			children = (
				FED1D64D1AB85A5E00C1766F /* categories.json */,
			);
			name = JSON;
			sourceTree = "<group>";
		};
		FEDA90E71AC37AAE00C4E95E /* Models */ = {
			isa = PBXGroup;
			children = (
				FE8C2A511AB4B9D9007AD7D8 /* Category.swift */,
			);
			name = Models;
			sourceTree = "<group>";
		};
		FEE7E8751AC39E94009D6F9D /* View */ = {
			isa = PBXGroup;
			children = (
				FE8C2AC21AB63064007AD7D8 /* CategoryCell.swift */,
			);
			name = View;
			sourceTree = "<group>";
		};
/* End PBXGroup section */

/* Begin PBXNativeTarget section */
		FE27F6571AB119E800956FCD /* CoverMe */ = {
			isa = PBXNativeTarget;
			buildConfigurationList = FE27F6771AB119E800956FCD /* Build configuration list for PBXNativeTarget "CoverMe" */;
			buildPhases = (
				FE27F6541AB119E800956FCD /* Sources */,
				FE27F6551AB119E800956FCD /* Frameworks */,
				FE27F6561AB119E800956FCD /* Resources */,
			);
			buildRules = (
			);
			dependencies = (
			);
			name = CoverMe;
			productName = CoverMe;
			productReference = FE27F6581AB119E800956FCD /* CoverMe.app */;
			productType = "com.apple.product-type.application";
		};
		FE27F66C1AB119E800956FCD /* CoverMeTests */ = {
			isa = PBXNativeTarget;
			buildConfigurationList = FE27F67A1AB119E800956FCD /* Build configuration list for PBXNativeTarget "CoverMeTests" */;
			buildPhases = (
				FE27F6691AB119E800956FCD /* Sources */,
				FE27F66A1AB119E800956FCD /* Frameworks */,
				FE27F66B1AB119E800956FCD /* Resources */,
			);
			buildRules = (
			);
			dependencies = (
				FE27F66F1AB119E800956FCD /* PBXTargetDependency */,
			);
			name = CoverMeTests;
			productName = CoverMeTests;
			productReference = FE27F66D1AB119E800956FCD /* CoverMeTests.xctest */;
			productType = "com.apple.product-type.bundle.unit-test";
		};
/* End PBXNativeTarget section */

/* Begin PBXProject section */
		FE27F6501AB119E800956FCD /* Project object */ = {
			isa = PBXProject;
			attributes = {
				LastUpgradeCheck = 0610;
				ORGANIZATIONNAME = "Electric City Studios";
				TargetAttributes = {
					FE27F6571AB119E800956FCD = {
						CreatedOnToolsVersion = 6.1.1;
					};
					FE27F66C1AB119E800956FCD = {
						CreatedOnToolsVersion = 6.1.1;
						TestTargetID = FE27F6571AB119E800956FCD;
					};
				};
			};
			buildConfigurationList = FE27F6531AB119E800956FCD /* Build configuration list for PBXProject "CoverMe" */;
			compatibilityVersion = "Xcode 3.2";
			developmentRegion = English;
			hasScannedForEncodings = 0;
			knownRegions = (
				en,
				Base,
			);
			mainGroup = FE27F64F1AB119E800956FCD;
			productRefGroup = FE27F6591AB119E800956FCD /* Products */;
			projectDirPath = "";
			projectRoot = "";
			targets = (
				FE27F6571AB119E800956FCD /* CoverMe */,
				FE27F66C1AB119E800956FCD /* CoverMeTests */,
			);
		};
/* End PBXProject section */

/* Begin PBXResourcesBuildPhase section */
		FE27F6561AB119E800956FCD /* Resources */ = {
			isa = PBXResourcesBuildPhase;
			buildActionMask = 2147483647;
			files = (
				FEDA90E91AC37C4500C4E95E /* settings.png in Resources */,
				FEDA90F11AC38DCE00C4E95E /* Acdc_Highway_to_Hell.jpeg in Resources */,
				FE27F6631AB119E800956FCD /* Main.storyboard in Resources */,
				FEDA90F41AC38DCE00C4E95E /* American_Idiot.jpeg in Resources */,
				FEDA90F31AC38DCE00C4E95E /* Alladin_Sane.jpeg in Resources */,
				FED1D64E1AB85A5E00C1766F /* categories.json in Resources */,
				FEDA90F01AC38DCE00C4E95E /* 1984.jpeg in Resources */,
				FE27F6681AB119E800956FCD /* LaunchScreen.xib in Resources */,
				FEDA90F21AC38DCE00C4E95E /* Aenima.jpeg in Resources */,
				FEDA90F51AC38DCE00C4E95E /* And_Justice_For_All.jpeg in Resources */,
				FE27F67E1AB1231F00956FCD /* CoverMe_SplashScreen.png in Resources */,
				FE8C2AC51AB633AF007AD7D8 /* unlocked.png in Resources */,
				FE27F6651AB119E800956FCD /* Images.xcassets in Resources */,
			);
			runOnlyForDeploymentPostprocessing = 0;
		};
		FE27F66B1AB119E800956FCD /* Resources */ = {
			isa = PBXResourcesBuildPhase;
			buildActionMask = 2147483647;
			files = (
			);
			runOnlyForDeploymentPostprocessing = 0;
		};
/* End PBXResourcesBuildPhase section */

/* Begin PBXSourcesBuildPhase section */
		FE27F6541AB119E800956FCD /* Sources */ = {
			isa = PBXSourcesBuildPhase;
			buildActionMask = 2147483647;
			files = (
				FE24CB0D1ABB674A00C6547F /* HomeScreenViewController.swift in Sources */,
				FE27F65E1AB119E800956FCD /* AppDelegate.swift in Sources */,
				FE8C2A541AB4D7FE007AD7D8 /* DetailViewController.swift in Sources */,
				FE8C2A501AB4B47B007AD7D8 /* CategoriesTableTableViewController.swift in Sources */,
				FE8C2A521AB4B9D9007AD7D8 /* Category.swift in Sources */,
				FED1D64C1AB7C01D00C1766F /* SwiftyJSON.swift in Sources */,
				FEDA90F71AC38E6700C4E95E /* SubCategoryViewController.swift in Sources */,
				FE8C2AC31AB63064007AD7D8 /* CategoryCell.swift in Sources */,
			);
			runOnlyForDeploymentPostprocessing = 0;
		};
		FE27F6691AB119E800956FCD /* Sources */ = {
			isa = PBXSourcesBuildPhase;
			buildActionMask = 2147483647;
			files = (
				FE27F6741AB119E800956FCD /* CoverMeTests.swift in Sources */,
			);
			runOnlyForDeploymentPostprocessing = 0;
		};
/* End PBXSourcesBuildPhase section */

/* Begin PBXTargetDependency section */
		FE27F66F1AB119E800956FCD /* PBXTargetDependency */ = {
			isa = PBXTargetDependency;
			target = FE27F6571AB119E800956FCD /* CoverMe */;
			targetProxy = FE27F66E1AB119E800956FCD /* PBXContainerItemProxy */;
		};
/* End PBXTargetDependency section */

/* Begin PBXVariantGroup section */
		FE27F6611AB119E800956FCD /* Main.storyboard */ = {
			isa = PBXVariantGroup;
			children = (
				FE27F6621AB119E800956FCD /* Base */,
			);
			name = Main.storyboard;
			sourceTree = "<group>";
		};
		FE27F6661AB119E800956FCD /* LaunchScreen.xib */ = {
			isa = PBXVariantGroup;
			children = (
				FE27F6671AB119E800956FCD /* Base */,
			);
			name = LaunchScreen.xib;
			sourceTree = "<group>";
		};
/* End PBXVariantGroup section */

/* Begin XCBuildConfiguration section */
		FE27F6751AB119E800956FCD /* Debug */ = {
			isa = XCBuildConfiguration;
			buildSettings = {
				ALWAYS_SEARCH_USER_PATHS = NO;
				CLANG_CXX_LANGUAGE_STANDARD = "gnu++0x";
				CLANG_CXX_LIBRARY = "libc++";
				CLANG_ENABLE_MODULES = YES;
				CLANG_ENABLE_OBJC_ARC = YES;
				CLANG_WARN_BOOL_CONVERSION = YES;
				CLANG_WARN_CONSTANT_CONVERSION = YES;
				CLANG_WARN_DIRECT_OBJC_ISA_USAGE = YES_ERROR;
				CLANG_WARN_EMPTY_BODY = YES;
				CLANG_WARN_ENUM_CONVERSION = YES;
				CLANG_WARN_INT_CONVERSION = YES;
				CLANG_WARN_OBJC_ROOT_CLASS = YES_ERROR;
				CLANG_WARN_UNREACHABLE_CODE = YES;
				CLANG_WARN__DUPLICATE_METHOD_MATCH = YES;
				"CODE_SIGN_IDENTITY[sdk=iphoneos*]" = "iPhone Developer";
				COPY_PHASE_STRIP = NO;
				ENABLE_STRICT_OBJC_MSGSEND = YES;
				GCC_C_LANGUAGE_STANDARD = gnu99;
				GCC_DYNAMIC_NO_PIC = NO;
				GCC_OPTIMIZATION_LEVEL = 0;
				GCC_PREPROCESSOR_DEFINITIONS = (
					"DEBUG=1",
					"$(inherited)",
				);
				GCC_SYMBOLS_PRIVATE_EXTERN = NO;
				GCC_WARN_64_TO_32_BIT_CONVERSION = YES;
				GCC_WARN_ABOUT_RETURN_TYPE = YES_ERROR;
				GCC_WARN_UNDECLARED_SELECTOR = YES;
				GCC_WARN_UNINITIALIZED_AUTOS = YES_AGGRESSIVE;
				GCC_WARN_UNUSED_FUNCTION = YES;
				GCC_WARN_UNUSED_VARIABLE = YES;
				IPHONEOS_DEPLOYMENT_TARGET = 8.1;
				MTL_ENABLE_DEBUG_INFO = YES;
				ONLY_ACTIVE_ARCH = YES;
				SDKROOT = iphoneos;
				SWIFT_OPTIMIZATION_LEVEL = "-Onone";
				TARGETED_DEVICE_FAMILY = "1,2";
			};
			name = Debug;
		};
		FE27F6761AB119E800956FCD /* Release */ = {
			isa = XCBuildConfiguration;
			buildSettings = {
				ALWAYS_SEARCH_USER_PATHS = NO;
				CLANG_CXX_LANGUAGE_STANDARD = "gnu++0x";
				CLANG_CXX_LIBRARY = "libc++";
				CLANG_ENABLE_MODULES = YES;
				CLANG_ENABLE_OBJC_ARC = YES;
				CLANG_WARN_BOOL_CONVERSION = YES;
				CLANG_WARN_CONSTANT_CONVERSION = YES;
				CLANG_WARN_DIRECT_OBJC_ISA_USAGE = YES_ERROR;
				CLANG_WARN_EMPTY_BODY = YES;
				CLANG_WARN_ENUM_CONVERSION = YES;
				CLANG_WARN_INT_CONVERSION = YES;
				CLANG_WARN_OBJC_ROOT_CLASS = YES_ERROR;
				CLANG_WARN_UNREACHABLE_CODE = YES;
				CLANG_WARN__DUPLICATE_METHOD_MATCH = YES;
				"CODE_SIGN_IDENTITY[sdk=iphoneos*]" = "iPhone Developer";
				COPY_PHASE_STRIP = YES;
				ENABLE_NS_ASSERTIONS = NO;
				ENABLE_STRICT_OBJC_MSGSEND = YES;
				GCC_C_LANGUAGE_STANDARD = gnu99;
				GCC_WARN_64_TO_32_BIT_CONVERSION = YES;
				GCC_WARN_ABOUT_RETURN_TYPE = YES_ERROR;
				GCC_WARN_UNDECLARED_SELECTOR = YES;
				GCC_WARN_UNINITIALIZED_AUTOS = YES_AGGRESSIVE;
				GCC_WARN_UNUSED_FUNCTION = YES;
				GCC_WARN_UNUSED_VARIABLE = YES;
				IPHONEOS_DEPLOYMENT_TARGET = 8.1;
				MTL_ENABLE_DEBUG_INFO = NO;
				SDKROOT = iphoneos;
				TARGETED_DEVICE_FAMILY = "1,2";
				VALIDATE_PRODUCT = YES;
			};
			name = Release;
		};
		FE27F6781AB119E800956FCD /* Debug */ = {
			isa = XCBuildConfiguration;
			buildSettings = {
				ASSETCATALOG_COMPILER_APPICON_NAME = AppIcon;
				INFOPLIST_FILE = CoverMe/Info.plist;
				LD_RUNPATH_SEARCH_PATHS = "$(inherited) @executable_path/Frameworks";
				PRODUCT_NAME = "$(TARGET_NAME)";
				TARGETED_DEVICE_FAMILY = 1;
			};
			name = Debug;
		};
		FE27F6791AB119E800956FCD /* Release */ = {
			isa = XCBuildConfiguration;
			buildSettings = {
				ASSETCATALOG_COMPILER_APPICON_NAME = AppIcon;
				INFOPLIST_FILE = CoverMe/Info.plist;
				LD_RUNPATH_SEARCH_PATHS = "$(inherited) @executable_path/Frameworks";
				PRODUCT_NAME = "$(TARGET_NAME)";
				TARGETED_DEVICE_FAMILY = 1;
			};
			name = Release;
		};
		FE27F67B1AB119E800956FCD /* Debug */ = {
			isa = XCBuildConfiguration;
			buildSettings = {
				BUNDLE_LOADER = "$(TEST_HOST)";
				FRAMEWORK_SEARCH_PATHS = (
					"$(SDKROOT)/Developer/Library/Frameworks",
					"$(inherited)",
				);
				GCC_PREPROCESSOR_DEFINITIONS = (
					"DEBUG=1",
					"$(inherited)",
				);
				INFOPLIST_FILE = CoverMeTests/Info.plist;
				LD_RUNPATH_SEARCH_PATHS = "$(inherited) @executable_path/Frameworks @loader_path/Frameworks";
				PRODUCT_NAME = "$(TARGET_NAME)";
				TEST_HOST = "$(BUILT_PRODUCTS_DIR)/CoverMe.app/CoverMe";
			};
			name = Debug;
		};
		FE27F67C1AB119E800956FCD /* Release */ = {
			isa = XCBuildConfiguration;
			buildSettings = {
				BUNDLE_LOADER = "$(TEST_HOST)";
				FRAMEWORK_SEARCH_PATHS = (
					"$(SDKROOT)/Developer/Library/Frameworks",
					"$(inherited)",
				);
				INFOPLIST_FILE = CoverMeTests/Info.plist;
				LD_RUNPATH_SEARCH_PATHS = "$(inherited) @executable_path/Frameworks @loader_path/Frameworks";
				PRODUCT_NAME = "$(TARGET_NAME)";
				TEST_HOST = "$(BUILT_PRODUCTS_DIR)/CoverMe.app/CoverMe";
			};
			name = Release;
		};
/* End XCBuildConfiguration section */

/* Begin XCConfigurationList section */
		FE27F6531AB119E800956FCD /* Build configuration list for PBXProject "CoverMe" */ = {
			isa = XCConfigurationList;
			buildConfigurations = (
				FE27F6751AB119E800956FCD /* Debug */,
				FE27F6761AB119E800956FCD /* Release */,
			);
			defaultConfigurationIsVisible = 0;
			defaultConfigurationName = Release;
		};
		FE27F6771AB119E800956FCD /* Build configuration list for PBXNativeTarget "CoverMe" */ = {
			isa = XCConfigurationList;
			buildConfigurations = (
				FE27F6781AB119E800956FCD /* Debug */,
				FE27F6791AB119E800956FCD /* Release */,
			);
			defaultConfigurationIsVisible = 0;
			defaultConfigurationName = Release;
		};
		FE27F67A1AB119E800956FCD /* Build configuration list for PBXNativeTarget "CoverMeTests" */ = {
			isa = XCConfigurationList;
			buildConfigurations = (
				FE27F67B1AB119E800956FCD /* Debug */,
				FE27F67C1AB119E800956FCD /* Release */,
			);
			defaultConfigurationIsVisible = 0;
			defaultConfigurationName = Release;
		};
/* End XCConfigurationList section */
	};
	rootObject = FE27F6501AB119E800956FCD /* Project object */;
}
